# This file is automatically @generated by Poetry 2.1.1 and should not be changed by hand.

[[package]]
name = "attrs"
version = "25.1.0"
description = "Classes Without Boilerplate"
optional = false
python-versions = ">=3.8"
groups = ["main"]
files = [
    {file = "attrs-25.1.0-py3-none-any.whl", hash = "sha256:c75a69e28a550a7e93789579c22aa26b0f5b83b75dc4e08fe092980051e1090a"},
    {file = "attrs-25.1.0.tar.gz", hash = "sha256:1c97078a80c814273a76b2a298a932eb681c87415c11dee0a6921de7f1b02c3e"},
]

[package.extras]
benchmark = ["cloudpickle ; platform_python_implementation == \"CPython\"", "hypothesis", "mypy (>=1.11.1) ; platform_python_implementation == \"CPython\" and python_version >= \"3.10\"", "pympler", "pytest (>=4.3.0)", "pytest-codspeed", "pytest-mypy-plugins ; platform_python_implementation == \"CPython\" and python_version >= \"3.10\"", "pytest-xdist[psutil]"]
cov = ["cloudpickle ; platform_python_implementation == \"CPython\"", "coverage[toml] (>=5.3)", "hypothesis", "mypy (>=1.11.1) ; platform_python_implementation == \"CPython\" and python_version >= \"3.10\"", "pympler", "pytest (>=4.3.0)", "pytest-mypy-plugins ; platform_python_implementation == \"CPython\" and python_version >= \"3.10\"", "pytest-xdist[psutil]"]
dev = ["cloudpickle ; platform_python_implementation == \"CPython\"", "hypothesis", "mypy (>=1.11.1) ; platform_python_implementation == \"CPython\" and python_version >= \"3.10\"", "pre-commit-uv", "pympler", "pytest (>=4.3.0)", "pytest-mypy-plugins ; platform_python_implementation == \"CPython\" and python_version >= \"3.10\"", "pytest-xdist[psutil]"]
docs = ["cogapp", "furo", "myst-parser", "sphinx", "sphinx-notfound-page", "sphinxcontrib-towncrier", "towncrier (<24.7)"]
tests = ["cloudpickle ; platform_python_implementation == \"CPython\"", "hypothesis", "mypy (>=1.11.1) ; platform_python_implementation == \"CPython\" and python_version >= \"3.10\"", "pympler", "pytest (>=4.3.0)", "pytest-mypy-plugins ; platform_python_implementation == \"CPython\" and python_version >= \"3.10\"", "pytest-xdist[psutil]"]
tests-mypy = ["mypy (>=1.11.1) ; platform_python_implementation == \"CPython\" and python_version >= \"3.10\"", "pytest-mypy-plugins ; platform_python_implementation == \"CPython\" and python_version >= \"3.10\""]

[[package]]
name = "jsonschema"
version = "4.23.0"
description = "An implementation of JSON Schema validation for Python"
optional = false
python-versions = ">=3.8"
groups = ["main"]
files = [
    {file = "jsonschema-4.23.0-py3-none-any.whl", hash = "sha256:fbadb6f8b144a8f8cf9f0b89ba94501d143e50411a1278633f56a7acf7fd5566"},
    {file = "jsonschema-4.23.0.tar.gz", hash = "sha256:d71497fef26351a33265337fa77ffeb82423f3ea21283cd9467bb03999266bc4"},
]

[package.dependencies]
attrs = ">=22.2.0"
jsonschema-specifications = ">=2023.03.6"
referencing = ">=0.28.4"
rpds-py = ">=0.7.1"

[package.extras]
format = ["fqdn", "idna", "isoduration", "jsonpointer (>1.13)", "rfc3339-validator", "rfc3987", "uri-template", "webcolors (>=1.11)"]
format-nongpl = ["fqdn", "idna", "isoduration", "jsonpointer (>1.13)", "rfc3339-validator", "rfc3986-validator (>0.1.0)", "uri-template", "webcolors (>=24.6.0)"]

[[package]]
name = "jsonschema-specifications"
version = "2024.10.1"
description = "The JSON Schema meta-schemas and vocabularies, exposed as a Registry"
optional = false
python-versions = ">=3.9"
groups = ["main"]
files = [
    {file = "jsonschema_specifications-2024.10.1-py3-none-any.whl", hash = "sha256:a09a0680616357d9a0ecf05c12ad234479f549239d0f5b55f3deea67475da9bf"},
    {file = "jsonschema_specifications-2024.10.1.tar.gz", hash = "sha256:0f38b83639958ce1152d02a7f062902c41c8fd20d558b0c34344292d417ae272"},
]

[package.dependencies]
referencing = ">=0.31.0"

[[package]]
name = "referencing"
version = "0.36.2"
description = "JSON Referencing + Python"
optional = false
python-versions = ">=3.9"
groups = ["main"]
files = [
    {file = "referencing-0.36.2-py3-none-any.whl", hash = "sha256:e8699adbbf8b5c7de96d8ffa0eb5c158b3beafce084968e2ea8bb08c6794dcd0"},
    {file = "referencing-0.36.2.tar.gz", hash = "sha256:df2e89862cd09deabbdba16944cc3f10feb6b3e6f18e902f7cc25609a34775aa"},
]

[package.dependencies]
attrs = ">=22.2.0"
rpds-py = ">=0.7.0"
typing-extensions = {version = ">=4.4.0", markers = "python_version < \"3.13\""}

[[package]]
name = "rpds-py"
version = "0.23.0"
description = "Python bindings to Rust's persistent data structures (rpds)"
optional = false
python-versions = ">=3.9"
groups = ["main"]
files = [
    {file = "rpds_py-0.23.0-cp310-cp310-macosx_10_12_x86_64.whl", hash = "sha256:1b36e993b95f0744a94a5add7624cfaf77b91805819c1a960026bc452f95841e"},
    {file = "rpds_py-0.23.0-cp310-cp310-macosx_11_0_arm64.whl", hash = "sha256:72a0dd4d599fadaf519d4e4b8092e5d7940057c61e70f9f06c1d004a47895204"},
    {file = "rpds_py-0.23.0-cp310-cp310-manylinux_2_17_aarch64.manylinux2014_aarch64.whl", hash = "sha256:bba83d703c6728a3a2676a14a9649d7cc87b9e4654293f13f8d4b4d7007d6383"},
    {file = "rpds_py-0.23.0-cp310-cp310-manylinux_2_17_armv7l.manylinux2014_armv7l.whl", hash = "sha256:1191bf5975a0b001c161a62d5833a6b2f838b10ff19e203910dd6210e88d89f5"},
    {file = "rpds_py-0.23.0-cp310-cp310-manylinux_2_17_ppc64le.manylinux2014_ppc64le.whl", hash = "sha256:3154e132e685f907813ace8701721ad4420244f6e07afc2a61763894e8a22961"},
    {file = "rpds_py-0.23.0-cp310-cp310-manylinux_2_17_s390x.manylinux2014_s390x.whl", hash = "sha256:62d8fe953110a98a118cacdc1ca79fe344a946c72a2d19fa7d17d0b2ace58f3d"},
    {file = "rpds_py-0.23.0-cp310-cp310-manylinux_2_17_x86_64.manylinux2014_x86_64.whl", hash = "sha256:2e27dfcea222c81cd8bece98a73ebb8ca69870de01dc27002d433ad06e55dd8b"},
    {file = "rpds_py-0.23.0-cp310-cp310-manylinux_2_5_i686.manylinux1_i686.whl", hash = "sha256:7cca21adfefe5a2237f1e64d769c1ed7ccdc2515d376d1774e7fbe918e03cd8c"},
    {file = "rpds_py-0.23.0-cp310-cp310-musllinux_1_2_aarch64.whl", hash = "sha256:8c708f5c2d604e0acc9489df3ea879f4fc75030dfa590668fd959fda34fcc0b8"},
    {file = "rpds_py-0.23.0-cp310-cp310-musllinux_1_2_i686.whl", hash = "sha256:c23cbff21154951731866358e983d01d536a2c0f60f2765be85f00682eae60d9"},
    {file = "rpds_py-0.23.0-cp310-cp310-musllinux_1_2_x86_64.whl", hash = "sha256:16826a5346e293bedf0acd5c2f4c8e05415b1970aa3cc448eea19f02724dd453"},
    {file = "rpds_py-0.23.0-cp310-cp310-win32.whl", hash = "sha256:1e0fb88357f59c70b8595bc8e5887be35636e646a9ab519c1876063159812cf6"},
    {file = "rpds_py-0.23.0-cp310-cp310-win_amd64.whl", hash = "sha256:c79544d0be2c7c3891fe448bc006666410bc219fdf29bf35990f0ea88ff72b64"},
    {file = "rpds_py-0.23.0-cp311-cp311-macosx_10_12_x86_64.whl", hash = "sha256:827b334702a04df2e1b7fe85ed3784512f6fd3d3a40259180db0c8fdeb20b37f"},
    {file = "rpds_py-0.23.0-cp311-cp311-macosx_11_0_arm64.whl", hash = "sha256:0e1ece346395e127a8024e5c13d304bdd7dbd094e05329a2f4f27ea1fbe14aa3"},
    {file = "rpds_py-0.23.0-cp311-cp311-manylinux_2_17_aarch64.manylinux2014_aarch64.whl", hash = "sha256:3adc0b2e71e62fde524389634df4b53f4d16d5f3830ab35c1e511d50b75674f6"},
    {file = "rpds_py-0.23.0-cp311-cp311-manylinux_2_17_armv7l.manylinux2014_armv7l.whl", hash = "sha256:b1eb4757f9c9f96e26a420db97c3ecaa97568961ce718f1f89e03ce1f59ec12e"},
    {file = "rpds_py-0.23.0-cp311-cp311-manylinux_2_17_ppc64le.manylinux2014_ppc64le.whl", hash = "sha256:e17402e8f3b49a7ec22e7ef7bbbe0ac0797fcbf0f1ba844811668ef24b37fc9d"},
    {file = "rpds_py-0.23.0-cp311-cp311-manylinux_2_17_s390x.manylinux2014_s390x.whl", hash = "sha256:8212c5d25514386a14a032fde7f7f0383a88355f93a1d0fde453f38ebdc43a1b"},
    {file = "rpds_py-0.23.0-cp311-cp311-manylinux_2_17_x86_64.manylinux2014_x86_64.whl", hash = "sha256:5211b646a0beb1f8f4b1cde8c7c073f9d6ca3439d5a93ea0874c8ece6cab66a9"},
    {file = "rpds_py-0.23.0-cp311-cp311-manylinux_2_5_i686.manylinux1_i686.whl", hash = "sha256:83f71359d81cfb3bd39522045d08a7031036fb0b1b0a43a066c094cc52a9fd00"},
    {file = "rpds_py-0.23.0-cp311-cp311-musllinux_1_2_aarch64.whl", hash = "sha256:9e66aaa24e0dc3cfaf63a8fc2810ae296792c18fb4cfb99868f52e7c598911b6"},
    {file = "rpds_py-0.23.0-cp311-cp311-musllinux_1_2_i686.whl", hash = "sha256:35336790b4d70c31a59c922d7d603010fe13c5ff56a1dce14849b6bb6a2ad4b9"},
    {file = "rpds_py-0.23.0-cp311-cp311-musllinux_1_2_x86_64.whl", hash = "sha256:377ba75ebce48d5df69b0ab2e3333cd86f6acfee8cf0a2c286af4e32e4a8b499"},
    {file = "rpds_py-0.23.0-cp311-cp311-win32.whl", hash = "sha256:784a79474675ee12cab90241f3df328129e15443acfea618df069a7d67d12abb"},
    {file = "rpds_py-0.23.0-cp311-cp311-win_amd64.whl", hash = "sha256:f1023b1de400ef9d3d9f8f9e88f3f5d8c66c26e48c3f83cffe83bd423def8d81"},
    {file = "rpds_py-0.23.0-cp312-cp312-macosx_10_12_x86_64.whl", hash = "sha256:d1f3baf652aeb91775eb3343535890156b07e0cbb2a7b72651f4bbaf7323d40f"},
    {file = "rpds_py-0.23.0-cp312-cp312-macosx_11_0_arm64.whl", hash = "sha256:6593dc9b225f8fc900df43c40625c998b8fa99ba78ec69bcd073fe3fb1018a5d"},
    {file = "rpds_py-0.23.0-cp312-cp312-manylinux_2_17_aarch64.manylinux2014_aarch64.whl", hash = "sha256:75d5a2c5629e3582aa73c3a11ac0a3dd454e86cc70188a9b6e2ed51889c331dd"},
    {file = "rpds_py-0.23.0-cp312-cp312-manylinux_2_17_armv7l.manylinux2014_armv7l.whl", hash = "sha256:64ba22924340d7e200b48befcc75ff2379301902381ca4ebbfec81d80c5216b5"},
    {file = "rpds_py-0.23.0-cp312-cp312-manylinux_2_17_ppc64le.manylinux2014_ppc64le.whl", hash = "sha256:04d7fc114ca57d25f0d8c324d2d0ddd675df92b2f7da8284f806711c25fe00f7"},
    {file = "rpds_py-0.23.0-cp312-cp312-manylinux_2_17_s390x.manylinux2014_s390x.whl", hash = "sha256:5ff50d7a5b206af7ac8342255ae3ab6c6c86d86520f4413bf9d2561bf4f1ffa1"},
    {file = "rpds_py-0.23.0-cp312-cp312-manylinux_2_17_x86_64.manylinux2014_x86_64.whl", hash = "sha256:3b147c0d49de69dac573c8e05a5f7edf18a83136bf8c98e2cd3e87dafee184e5"},
    {file = "rpds_py-0.23.0-cp312-cp312-manylinux_2_5_i686.manylinux1_i686.whl", hash = "sha256:5bc79d528e65c877a5e254ddad394d51797bc6bba44c9aa436f61b94448d5f87"},
    {file = "rpds_py-0.23.0-cp312-cp312-musllinux_1_2_aarch64.whl", hash = "sha256:ce1a2fe8eea2e956a11112ba426b9be79b2da65e27a533cf152ba8e9882bf9be"},
    {file = "rpds_py-0.23.0-cp312-cp312-musllinux_1_2_i686.whl", hash = "sha256:e2c26f1e0ebbe85dc275816cd53fcbb225aaf7923a4d48b7cdf8b8eb6291e5ae"},
    {file = "rpds_py-0.23.0-cp312-cp312-musllinux_1_2_x86_64.whl", hash = "sha256:6893a88925972635c843eb02a113d7aabacd386c05d54f2fda29125befbc1b05"},
    {file = "rpds_py-0.23.0-cp312-cp312-win32.whl", hash = "sha256:06962dc9462fe97d0355e01525ebafcd317316e80e335272751a1857b7bdec97"},
    {file = "rpds_py-0.23.0-cp312-cp312-win_amd64.whl", hash = "sha256:04882cc4adbdc2778dd49f5ed71b1d9ab43349c45cde7e461456d0432d7d323e"},
    {file = "rpds_py-0.23.0-cp313-cp313-macosx_10_12_x86_64.whl", hash = "sha256:c46247ea1382758987417b9c47b05d32dc7f971cd2553e7b3088a76ad48c5a67"},
    {file = "rpds_py-0.23.0-cp313-cp313-macosx_11_0_arm64.whl", hash = "sha256:fa93e2460b7791872a5dd355438b854a5d9ab317107380c2143d94a1ca5b10a7"},
    {file = "rpds_py-0.23.0-cp313-cp313-manylinux_2_17_aarch64.manylinux2014_aarch64.whl", hash = "sha256:784d2ef454b42451a1efca40f888105536b6d2374d155c14f51831980c384461"},
    {file = "rpds_py-0.23.0-cp313-cp313-manylinux_2_17_armv7l.manylinux2014_armv7l.whl", hash = "sha256:aae64cb7faaecd5d36ebcb99dc3f0196f4357586e095630207047f35183431fb"},
    {file = "rpds_py-0.23.0-cp313-cp313-manylinux_2_17_ppc64le.manylinux2014_ppc64le.whl", hash = "sha256:d8c754d4d021a010df79e0ce10b2dbf0ed12997ff4e508274337fdceed32275f"},
    {file = "rpds_py-0.23.0-cp313-cp313-manylinux_2_17_s390x.manylinux2014_s390x.whl", hash = "sha256:96f0261ef2a45c9dc48c4105ab798e8ba1c0c912ae5c59c2d9f899242cf3ed79"},
    {file = "rpds_py-0.23.0-cp313-cp313-manylinux_2_17_x86_64.manylinux2014_x86_64.whl", hash = "sha256:3cb0ddf0ecc705f8f6dfe858e703c1b9b3ea240b1f56e33316e89dc6c2994ac0"},
    {file = "rpds_py-0.23.0-cp313-cp313-manylinux_2_5_i686.manylinux1_i686.whl", hash = "sha256:c7fee301c715ce2fed4c0620a65dff12686002061cd38c6f11a427f64bd0c8ff"},
    {file = "rpds_py-0.23.0-cp313-cp313-musllinux_1_2_aarch64.whl", hash = "sha256:aef4f05059aa6f5f22c76f23f45b6908da4871589c9efb882e58c33ebf8f4c4f"},
    {file = "rpds_py-0.23.0-cp313-cp313-musllinux_1_2_i686.whl", hash = "sha256:77c3e51d994c39227facc742001b7be98c2ad634f8a0cf2ed08c30cf2f7f9249"},
    {file = "rpds_py-0.23.0-cp313-cp313-musllinux_1_2_x86_64.whl", hash = "sha256:9901d57e8dc3b7245d349a255af097e309602986a604d073414a3826bc5c2cdd"},
    {file = "rpds_py-0.23.0-cp313-cp313-win32.whl", hash = "sha256:56bbf34e129551004e4952db16087bb4912e8cf4fa335ad5c70e126666f97788"},
    {file = "rpds_py-0.23.0-cp313-cp313-win_amd64.whl", hash = "sha256:fbeade9f0284a5c5965f8a4805ef1864e5fb4bc4c5d3d8dd60c5fd2a44f0b51a"},
    {file = "rpds_py-0.23.0-cp313-cp313t-macosx_10_12_x86_64.whl", hash = "sha256:c5e3c7d7cdbbd450acb62c5d29d39ea6d5f8584019d391947d73fb998f54acc5"},
    {file = "rpds_py-0.23.0-cp313-cp313t-macosx_11_0_arm64.whl", hash = "sha256:d59582ddbeabf217d1b815b60acaec9ff5e2ded79e440c3b3e4ddc970ff59160"},
    {file = "rpds_py-0.23.0-cp313-cp313t-manylinux_2_17_aarch64.manylinux2014_aarch64.whl", hash = "sha256:6097538c81a94d4432de645a20bbbbfa7a0eb52c6dcb7370feda18eb8eed61de"},
    {file = "rpds_py-0.23.0-cp313-cp313t-manylinux_2_17_armv7l.manylinux2014_armv7l.whl", hash = "sha256:ac766c8127ee9c9a72f1a6ad6b4291e5acfd14d9685964b771bf8820fe65aeed"},
    {file = "rpds_py-0.23.0-cp313-cp313t-manylinux_2_17_ppc64le.manylinux2014_ppc64le.whl", hash = "sha256:0edf94328feaae49a96caa3459784614365708c38f610316601b996e5f085be1"},
    {file = "rpds_py-0.23.0-cp313-cp313t-manylinux_2_17_s390x.manylinux2014_s390x.whl", hash = "sha256:0f74d8babe0139b8ee30c24c65040cdad81e00547e7eefe43d13b31da9d2bbc5"},
    {file = "rpds_py-0.23.0-cp313-cp313t-manylinux_2_17_x86_64.manylinux2014_x86_64.whl", hash = "sha256:cf06007aca17ea31069adc8396d718b714559fd7f7db8302399b4697c4564fec"},
    {file = "rpds_py-0.23.0-cp313-cp313t-manylinux_2_5_i686.manylinux1_i686.whl", hash = "sha256:9b263adb8e54bc7a5b2b8feebe99ff79f1067037a9178989e9341ea76e935706"},
    {file = "rpds_py-0.23.0-cp313-cp313t-musllinux_1_2_aarch64.whl", hash = "sha256:516cec4c1a45bed3c417c402a2f52515561a1d8e578ff675347dcf4180636cca"},
    {file = "rpds_py-0.23.0-cp313-cp313t-musllinux_1_2_i686.whl", hash = "sha256:37af2ee37efeb0a09463124cc1e560192cc751c2a5ae650effb36469e1f17dc8"},
    {file = "rpds_py-0.23.0-cp313-cp313t-musllinux_1_2_x86_64.whl", hash = "sha256:312981d4da5dc463baeca3ba23a3e74dc7a48a4500d267566d8e9c0680ac54c6"},
    {file = "rpds_py-0.23.0-cp313-cp313t-win32.whl", hash = "sha256:ce1c4277d7f235faa2f31f1aad82e3ab3caeb66f13c97413e738592ec7fef7e0"},
    {file = "rpds_py-0.23.0-cp313-cp313t-win_amd64.whl", hash = "sha256:f46d53a6a37383eca41a111df0e9993399a60e9e1e2110f467fddc5de4a43b68"},
    {file = "rpds_py-0.23.0-cp39-cp39-macosx_10_12_x86_64.whl", hash = "sha256:d5504bd1d637e7633d953418520d9b109b0d8a419153a56537938adf068da9d5"},
    {file = "rpds_py-0.23.0-cp39-cp39-macosx_11_0_arm64.whl", hash = "sha256:7730442bb642748dddfbe1de24275bf0cdbae938c68e1c38e0a9d285a056e17d"},
    {file = "rpds_py-0.23.0-cp39-cp39-manylinux_2_17_aarch64.manylinux2014_aarch64.whl", hash = "sha256:374d2c0067f5ef18e73bfb2a555ef0b8f2b01f5b653a3eca68e9fbde5625c305"},
    {file = "rpds_py-0.23.0-cp39-cp39-manylinux_2_17_armv7l.manylinux2014_armv7l.whl", hash = "sha256:a8983725590ddeb62acf7e585badb7354fa71e3d08d3326eaac6886aa91e526c"},
    {file = "rpds_py-0.23.0-cp39-cp39-manylinux_2_17_ppc64le.manylinux2014_ppc64le.whl", hash = "sha256:048dc18eb2cc83a67bec07c6f9ffe1da83fb94d5af6cc32e333248013576dc4c"},
    {file = "rpds_py-0.23.0-cp39-cp39-manylinux_2_17_s390x.manylinux2014_s390x.whl", hash = "sha256:f4b699830ced68db4294e2e47f25a4ff935a54244814b76fa683e0b857391e3e"},
    {file = "rpds_py-0.23.0-cp39-cp39-manylinux_2_17_x86_64.manylinux2014_x86_64.whl", hash = "sha256:1fa3476c9845152091f62edca5e543df77fc0fc2e83027c389fa4c4f52633369"},
    {file = "rpds_py-0.23.0-cp39-cp39-manylinux_2_5_i686.manylinux1_i686.whl", hash = "sha256:c6c98bde8ec93dd4e19c413e3ac089fb0ff731da54bab8aaf1e8263f55f01406"},
    {file = "rpds_py-0.23.0-cp39-cp39-musllinux_1_2_aarch64.whl", hash = "sha256:947db56d8ee2f567a597f7484ac6c8cb94529181eaa498bd9c196079c395c69f"},
    {file = "rpds_py-0.23.0-cp39-cp39-musllinux_1_2_i686.whl", hash = "sha256:a20fa5cd1cb074c145c3955732cfc3eca19bef16d425b32f14c3d275230110fb"},
    {file = "rpds_py-0.23.0-cp39-cp39-musllinux_1_2_x86_64.whl", hash = "sha256:f27867c24f0a81065ef94e575dbb1846867257994ac41ebbe5e66c6a3976ac73"},
    {file = "rpds_py-0.23.0-cp39-cp39-win32.whl", hash = "sha256:5e549c7ef1ae42b79878bff27c33363b2de77f23de2f4c19541ef69ae4c11ac7"},
    {file = "rpds_py-0.23.0-cp39-cp39-win_amd64.whl", hash = "sha256:0b3b3553d9216153eb3f8cf0d369b0e31e83912e50835ee201794d9b410e227f"},
    {file = "rpds_py-0.23.0-pp310-pypy310_pp73-macosx_10_12_x86_64.whl", hash = "sha256:b233a2bdb15dbb4c05b0c79c94d2367a05d0c54351b76c74fdc81aae023a2df8"},
    {file = "rpds_py-0.23.0-pp310-pypy310_pp73-macosx_11_0_arm64.whl", hash = "sha256:d2e0cace96976f4e86fc3c51cb3fba24225976e26341e958be42f3d8d0a634ee"},
    {file = "rpds_py-0.23.0-pp310-pypy310_pp73-manylinux_2_17_aarch64.manylinux2014_aarch64.whl", hash = "sha256:210aa7c699cc61320630c4be33348d9bfef4785fabd6f33ea6be711d4eb45f1f"},
    {file = "rpds_py-0.23.0-pp310-pypy310_pp73-manylinux_2_17_armv7l.manylinux2014_armv7l.whl", hash = "sha256:7cd550ee493adab33e95ce00cb42529b0435c916ed949d298887ee9acdcd3f2f"},
    {file = "rpds_py-0.23.0-pp310-pypy310_pp73-manylinux_2_17_ppc64le.manylinux2014_ppc64le.whl", hash = "sha256:174602fe067a5b622ce47a5b09022e0128c526a308354abd9cc4bf0391f3cfd2"},
    {file = "rpds_py-0.23.0-pp310-pypy310_pp73-manylinux_2_17_s390x.manylinux2014_s390x.whl", hash = "sha256:b8b7b4e5cc5a981a147e1602cf4bd517e57617f9a4c7e96a22a27e4d18de2523"},
    {file = "rpds_py-0.23.0-pp310-pypy310_pp73-manylinux_2_17_x86_64.manylinux2014_x86_64.whl", hash = "sha256:aa9d67acbcf2cb11acd44da7d41a0495b7799a32fb7ec9a6bc0b14d8552e00fb"},
    {file = "rpds_py-0.23.0-pp310-pypy310_pp73-manylinux_2_5_i686.manylinux1_i686.whl", hash = "sha256:f482453aeebdae7774781e8c9b1884e0df0bdb1c61f330f95c63a401dfc2fc31"},
    {file = "rpds_py-0.23.0-pp310-pypy310_pp73-musllinux_1_2_aarch64.whl", hash = "sha256:eb841a8e1c2615dfc721d3c28fe81e6300e819a01d3305ecd7f75c7d58c31b2b"},
    {file = "rpds_py-0.23.0-pp310-pypy310_pp73-musllinux_1_2_i686.whl", hash = "sha256:41f6bb731bfcbd886bd6399717971dd881d759ea831b9f513bc57a10f52c7d53"},
    {file = "rpds_py-0.23.0-pp310-pypy310_pp73-musllinux_1_2_x86_64.whl", hash = "sha256:a49aeb989ee5e057137910059610bfa8f571a4af674404ce05c59862bbeeecbe"},
    {file = "rpds_py-0.23.0-pp310-pypy310_pp73-win_amd64.whl", hash = "sha256:670c29a74f8e632aa58b48425b12d026703af1ea5e3b131adbb2601c7ae03108"},
    {file = "rpds_py-0.23.0-pp39-pypy39_pp73-macosx_10_12_x86_64.whl", hash = "sha256:e5305ee98053a0f0155e4e5f9fe4d196fa2e43ae7c2ecc61534babf6390511d9"},
    {file = "rpds_py-0.23.0-pp39-pypy39_pp73-macosx_11_0_arm64.whl", hash = "sha256:903344afbc46dfb488a73a7eeb9c14d8484c6d80eb402e6737a520a55327f26c"},
    {file = "rpds_py-0.23.0-pp39-pypy39_pp73-manylinux_2_17_aarch64.manylinux2014_aarch64.whl", hash = "sha256:87b8e416f55f2be671d5dbf55e7517a8144f8b926609d2f1427f8310c95e4e13"},
    {file = "rpds_py-0.23.0-pp39-pypy39_pp73-manylinux_2_17_armv7l.manylinux2014_armv7l.whl", hash = "sha256:8529a28b0dffe7e0c56537912ab8594df7b71b24032622aadce33a2643beada5"},
    {file = "rpds_py-0.23.0-pp39-pypy39_pp73-manylinux_2_17_ppc64le.manylinux2014_ppc64le.whl", hash = "sha256:55fe404f2826c5821661e787dffcb113e682d9ff011d9d39a28c992312d7029b"},
    {file = "rpds_py-0.23.0-pp39-pypy39_pp73-manylinux_2_17_s390x.manylinux2014_s390x.whl", hash = "sha256:1bda53037dcac2465d0b2067a7129283eb823c7e0175c0991ea7e28ae7593555"},
    {file = "rpds_py-0.23.0-pp39-pypy39_pp73-manylinux_2_17_x86_64.manylinux2014_x86_64.whl", hash = "sha256:7c2ba6b0f4eccf3738a03878c13f18037931c947d70a75231448954e42884feb"},
    {file = "rpds_py-0.23.0-pp39-pypy39_pp73-manylinux_2_5_i686.manylinux1_i686.whl", hash = "sha256:95d7ffa91b423c974fb50384561736aa16f5fb7a8592d81b2ca5fcaf8afd69a0"},
    {file = "rpds_py-0.23.0-pp39-pypy39_pp73-musllinux_1_2_aarch64.whl", hash = "sha256:c1523dae0321bf21d0e4151a7438c9bd26c0b712602fb56116efd4ee5b463b5d"},
    {file = "rpds_py-0.23.0-pp39-pypy39_pp73-musllinux_1_2_i686.whl", hash = "sha256:cec9feef63e213ec9f9cac44d8454643983c422b318b67059da796f55780b4d4"},
    {file = "rpds_py-0.23.0-pp39-pypy39_pp73-musllinux_1_2_x86_64.whl", hash = "sha256:f9c49366f19c06ce31af1312ae4718292081e73f454a56705e7d56acfd25ac1e"},
    {file = "rpds_py-0.23.0-pp39-pypy39_pp73-win_amd64.whl", hash = "sha256:f119176191c359cb33ff8064b242874bfb1352761379bca8e6ccb74a6141db27"},
    {file = "rpds_py-0.23.0.tar.gz", hash = "sha256:ffac3b13182dc1bf648cde2982148dc9caf60f3eedec7ae639e05636389ebf5d"},
]

[[package]]
name = "typing-extensions"
version = "4.12.2"
description = "Backported and Experimental Type Hints for Python 3.8+"
optional = false
python-versions = ">=3.8"
groups = ["main"]
markers = "python_version < \"3.13\""
files = [
    {file = "typing_extensions-4.12.2-py3-none-any.whl", hash = "sha256:04e5ca0351e0f3f85c6853954072df659d0d13fac324d0072316b67d7794700d"},
    {file = "typing_extensions-4.12.2.tar.gz", hash = "sha256:1a7ead55c7e559dd4dee8856e3a88b41225abfe1ce8df57b7c13915fe121ffb8"},
]

[[package]]
name = "xmltodict"
version = "0.14.2"
description = "Makes working with XML feel like you are working with JSON"
optional = false
python-versions = ">=3.6"
groups = ["main"]
files = [
    {file = "xmltodict-0.14.2-py2.py3-none-any.whl", hash = "sha256:20cc7d723ed729276e808f26fb6b3599f786cbc37e06c65e192ba77c40f20aac"},
    {file = "xmltodict-0.14.2.tar.gz", hash = "sha256:201e7c28bb210e374999d1dde6382923ab0ed1a8a5faeece48ab525b7810a553"},
]

[metadata]
lock-version = "2.1"
python-versions = ">=3.9"
content-hash = "a216c40191709a86c2a08f7928159a46b986180dfcb1239b1a66914077be7d1d"
